
Microsoft Visual Studio Solution File, Format Version 12.00
# Visual Studio Version 17
VisualStudioVersion = 17.11.35312.102
MinimumVisualStudioVersion = 10.0.40219.1
Project("{FAE04EC0-301F-11D3-BF4B-00C04F79EFBC}") = "InanceMVC", "InanceMVC\InanceMVC.csproj", "{4CCE5AB3-C128-4562-9468-655C23E24D0A}"
EndProject
Global
	GlobalSection(SolutionConfigurationPlatforms) = preSolution
		Debug|Any CPU = Debug|Any CPU
		Release|Any CPU = Release|Any CPU
	EndGlobalSection
	GlobalSection(ProjectConfigurationPlatforms) = postSolution
		{4CCE5AB3-C128-4562-9468-655C23E24D0A}.Debug|Any CPU.ActiveCfg = Debug|Any CPU
		{4CCE5AB3-C128-4562-9468-655C23E24D0A}.Debug|Any CPU.Build.0 = Debug|Any CPU
		{4CCE5AB3-C128-4562-9468-655C23E24D0A}.Release|Any CPU.ActiveCfg = Release|Any CPU
		{4CCE5AB3-C128-4562-9468-655C23E24D0A}.Release|Any CPU.Build.0 = Release|Any CPU
	EndGlobalSection
	GlobalSection(SolutionProperties) = preSolution
		HideSolutionNode = FALSE
	EndGlobalSection
	GlobalSection(ExtensibilityGlobals) = postSolution
		SolutionGuid = {1EAEE06F-9544-40A2-8B68-0DBE0AFF6E4A}
	EndGlobalSection
EndGlobal
