
Microsoft Visual Studio Solution File, Format Version 12.00
# Visual Studio Version 17
VisualStudioVersion = 17.11.35312.102
MinimumVisualStudioVersion = 10.0.40219.1
Project("{FAE04EC0-301F-11D3-BF4B-00C04F79EFBC}") = "PurpleBuzz", "PurpleBuzz\PurpleBuzz.csproj", "{1E13EA7F-58B2-4AED-9BDB-613BBF03BFC4}"
EndProject
Global
	GlobalSection(SolutionConfigurationPlatforms) = preSolution
		Debug|Any CPU = Debug|Any CPU
		Release|Any CPU = Release|Any CPU
	EndGlobalSection
	GlobalSection(ProjectConfigurationPlatforms) = postSolution
		{1E13EA7F-58B2-4AED-9BDB-613BBF03BFC4}.Debug|Any CPU.ActiveCfg = Debug|Any CPU
		{1E13EA7F-58B2-4AED-9BDB-613BBF03BFC4}.Debug|Any CPU.Build.0 = Debug|Any CPU
		{1E13EA7F-58B2-4AED-9BDB-613BBF03BFC4}.Release|Any CPU.ActiveCfg = Release|Any CPU
		{1E13EA7F-58B2-4AED-9BDB-613BBF03BFC4}.Release|Any CPU.Build.0 = Release|Any CPU
	EndGlobalSection
	GlobalSection(SolutionProperties) = preSolution
		HideSolutionNode = FALSE
	EndGlobalSection
	GlobalSection(ExtensibilityGlobals) = postSolution
		SolutionGuid = {7CB4ECC3-EAEF-4E46-8276-3F82B3746492}
	EndGlobalSection
EndGlobal
